
Microsoft Visual Studio Solution File, Format Version 12.00
# Visual Studio Version 17
VisualStudioVersion = 17.12.35527.113
MinimumVisualStudioVersion = 10.0.40219.1
Project("{FAE04EC0-301F-11D3-BF4B-00C04F79EFBC}") = "Repository", "RepositoryProject\Repository.csproj", "{4E4122B9-C463-4D5C-B443-662E2D6F2DCC}"
EndProject
Global
	GlobalSection(SolutionConfigurationPlatforms) = preSolution
		Debug|Any CPU = Debug|Any CPU
		Release|Any CPU = Release|Any CPU
	EndGlobalSection
	GlobalSection(ProjectConfigurationPlatforms) = postSolution
		{4E4122B9-C463-4D5C-B443-662E2D6F2DCC}.Debug|Any CPU.ActiveCfg = Debug|Any CPU
		{4E4122B9-C463-4D5C-B443-662E2D6F2DCC}.Debug|Any CPU.Build.0 = Debug|Any CPU
		{4E4122B9-C463-4D5C-B443-662E2D6F2DCC}.Release|Any CPU.ActiveCfg = Release|Any CPU
		{4E4122B9-C463-4D5C-B443-662E2D6F2DCC}.Release|Any CPU.Build.0 = Release|Any CPU
	EndGlobalSection
	GlobalSection(SolutionProperties) = preSolution
		HideSolutionNode = FALSE
	EndGlobalSection
EndGlobal
